
Microsoft Visual Studio Solution File, Format Version 12.00
# Visual Studio Version 17
VisualStudioVersion = 17.6.33815.320
MinimumVisualStudioVersion = 10.0.40219.1
Project("{FAE04EC0-301F-11D3-BF4B-00C04F79EFBC}") = "Grading the students", "Grading the students\Grading the students.csproj", "{51B4DAE3-6E70-4ACD-BDDF-9FCB26BF7F85}"
EndProject
Global
	GlobalSection(SolutionConfigurationPlatforms) = preSolution
		Debug|Any CPU = Debug|Any CPU
		Release|Any CPU = Release|Any CPU
	EndGlobalSection
	GlobalSection(ProjectConfigurationPlatforms) = postSolution
		{51B4DAE3-6E70-4ACD-BDDF-9FCB26BF7F85}.Debug|Any CPU.ActiveCfg = Debug|Any CPU
		{51B4DAE3-6E70-4ACD-BDDF-9FCB26BF7F85}.Debug|Any CPU.Build.0 = Debug|Any CPU
		{51B4DAE3-6E70-4ACD-BDDF-9FCB26BF7F85}.Release|Any CPU.ActiveCfg = Release|Any CPU
		{51B4DAE3-6E70-4ACD-BDDF-9FCB26BF7F85}.Release|Any CPU.Build.0 = Release|Any CPU
	EndGlobalSection
	GlobalSection(SolutionProperties) = preSolution
		HideSolutionNode = FALSE
	EndGlobalSection
	GlobalSection(ExtensibilityGlobals) = postSolution
		SolutionGuid = {005CFD7E-6D53-4A62-84A5-D32DB10EC904}
	EndGlobalSection
EndGlobal
